# cra_clauses.lock — canonical SHA-256 of each bundled CRA clause text.
# Format: <sha256>  <clause_key>  <excerpt_type>
# Source YAML: src/cra_sbom_evidence/data/cra_clauses.yaml
# Regenerate via: python scripts/build_clauses_lock.py
# Verify at runtime via: cra-sbom verify-citations

6edcac5581ce247ce66e4880d68138ad2e9ea4bc2bc0c870b3b0f11c6580c018  annex_i_part_i  verbatim
0855cee291208c35cd1b8c3ee56964a03917a43233467c1cfb8c1ed3aad96de9  annex_i_part_ii  verbatim
7dbdb5ac0bcf7a92bbf47b12791ff36bff70a950fbc2dedd330b8d07371f79ce  annex_iii_class_i  verbatim
b10920dc6f8e7a68c624183e232bdadbea0a6ef6f22a6a61b817bd313f28bd57  annex_iii_class_ii  verbatim
602a6275a62b629ddfb0f134c1140fd38891e342c758a31fbaf34f8f342f2111  art_13_1  verbatim
3b2f55cc6a990cdbdbb976d2bd001b2106ab8ff923d96113bb3ac576c0d157a3  art_13_13  verbatim
04066415f3eb6c5baa3e39558e44a0342ce29e962307d5392fb701b1e2f60f1c  art_13_17  verbatim
ab42a24ab597fb4f2e48d87941c79635901843ef49a9425beda01c6476b9de6d  art_13_2  verbatim
d21410f34d242c5d526920150baecb48ed6f23aaca6851dae1cd74d9178b9482  art_13_24  verbatim_truncated
9b874dd40eab82b0a43418116a44a11b4c80869e2b26f071bf2ccac180401ba3  art_13_5  verbatim
cf71e19e4dae7098b5adbec995edadb3e540cfb54eed3b07b27550f43647835a  art_13_6  verbatim
bf51e6d86c53d06ad5558f40657556e8563db70acb9c1406eca11f2b8e760b20  art_13_8  verbatim
1da291ddb07a367595715b950064b5481e73e63ede516652a3634ba5dc973ff8  art_13_9  verbatim
6cc2bc9523a6a092df23d60c050f6fb8c0231a2397d02f75229868729f2e4970  art_14_1  verbatim
6a484dd4a8f3f3b5fb19884fd863530d47cefae7fb3275658505cc988cb86d18  art_14_2  verbatim
c7d0fd081f54c66199b6aa8be575e7bbb1c225cdf7069e7cd8c2d1e41cbd1849  art_14_3  verbatim
ecf3f013216427a42353bbdbde69296d7a7f215eb3b08e41e85ebc12a52d4779  art_14_7  verbatim_truncated
5aad8d5f9c86d861bd3f3e67b1ffe6eb6afb49e69402fbd94c31817db8e4ea30  art_15_1  verbatim
10b2bfeff39f7cfb75fdb4dc6502867b9f0ce02d93f3cddb3b3af845d2323189  art_31_1  verbatim
eb88119a7c6dce58f1f97b0c0e239b31ed91cfb79d2c24c0690543895162cd83  art_32_1  verbatim
88dadd03972842f99841c989d14a4391c44b0847976358743604ec9b62c5c903  art_64_2  verbatim
d47b3f1d6d59936e716d27c586d229ad089a65a24cd19f82f7dbb35fb43ba194  art_64_3  verbatim
aea18bd128ad612b38168dcc91810efe79a9292cb9ba44f0dd24d5ce5619750c  art_64_4  verbatim
7521c32a90f5ee981042548d552a96206956fd9a1b9c292a5454ee68610371f8  art_71_1  verbatim
e6ebbcefa7adeead490e4ae13f70ddb02a3b2184db4ccbd939ec3eefcdd97cc9  art_71_2  verbatim
